
Microsoft Visual Studio Solution File, Format Version 12.00
# Visual Studio Version 17
VisualStudioVersion = 17.4.33122.133
MinimumVisualStudioVersion = 10.0.40219.1
Project("{FAE04EC0-301F-11D3-BF4B-00C04F79EFBC}") = "MCWordHuntCheater", "MCWordHuntCheater\MCWordHuntCheater.csproj", "{67F15376-2A3C-4F8A-8A38-AF3E03FCA56C}"
EndProject
Global
	GlobalSection(SolutionConfigurationPlatforms) = preSolution
		Debug|Any CPU = Debug|Any CPU
		Release|Any CPU = Release|Any CPU
	EndGlobalSection
	GlobalSection(ProjectConfigurationPlatforms) = postSolution
		{67F15376-2A3C-4F8A-8A38-AF3E03FCA56C}.Debug|Any CPU.ActiveCfg = Debug|Any CPU
		{67F15376-2A3C-4F8A-8A38-AF3E03FCA56C}.Debug|Any CPU.Build.0 = Debug|Any CPU
		{67F15376-2A3C-4F8A-8A38-AF3E03FCA56C}.Release|Any CPU.ActiveCfg = Release|Any CPU
		{67F15376-2A3C-4F8A-8A38-AF3E03FCA56C}.Release|Any CPU.Build.0 = Release|Any CPU
	EndGlobalSection
	GlobalSection(SolutionProperties) = preSolution
		HideSolutionNode = FALSE
	EndGlobalSection
	GlobalSection(ExtensibilityGlobals) = postSolution
		SolutionGuid = {C41382E4-A835-4AED-B393-8E1F242579A7}
	EndGlobalSection
EndGlobal
